<?xml version="1.0" encoding="utf-8"?>
<Project ToolsVersion="4.0" xmlns="http://schemas.microsoft.com/developer/msbuild/2003">
  <ItemGroup>
    <ClCompile Include="main.cpp" />
    <ClCompile Include="Lab1012.cpp">
      <Filter>Source Files</Filter>
    </ClCompile>
    <ClCompile Include="Tests.cpp">
      <Filter>Source Files</Filter>
    </ClCompile>
    <ClCompile Include="AscAgeComparator.cpp">
      <Filter>Source Files\Util</Filter>
    </ClCompile>
    <ClCompile Include="AscNameComparator.cpp">
      <Filter>Source Files\Util</Filter>
    </ClCompile>
    <ClCompile Include="Comparator.cpp">
      <Filter>Source Files\Util</Filter>
    </ClCompile>
    <ClCompile Include="AdminUI.cpp">
      <Filter>Source Files\UI</Filter>
    </ClCompile>
    <ClCompile Include="UserUI.cpp">
      <Filter>Source Files\UI</Filter>
    </ClCompile>
    <ClCompile Include="Dog.cpp">
      <Filter>Source Files\Domain</Filter>
    </ClCompile>
    <ClCompile Include="DogValidator.cpp">
      <Filter>Source Files\Domain</Filter>
    </ClCompile>
    <ClCompile Include="Controller.cpp">
      <Filter>Source Files\Controller</Filter>
    </ClCompile>
    <ClCompile Include="ControllerException.cpp">
      <Filter>Source Files\Exceptions</Filter>
    </ClCompile>
    <ClCompile Include="DogException.cpp">
      <Filter>Source Files\Exceptions</Filter>
    </ClCompile>
    <ClCompile Include="RepoException.cpp">
      <Filter>Source Files\Exceptions</Filter>
    </ClCompile>
    <ClCompile Include="TextFileDatabase.cpp">
      <Filter>Source Files\Repository</Filter>
    </ClCompile>
    <ClCompile Include="HtmlFileDatabase.cpp">
      <Filter>Source Files\Repository</Filter>
    </ClCompile>
    <ClCompile Include="Database.cpp">
      <Filter>Source Files\Repository</Filter>
    </ClCompile>
    <ClCompile Include="DynamicVector.cpp">
      <Filter>Source Files\Repository</Filter>
    </ClCompile>
    <ClCompile Include="FileParser.cpp">
      <Filter>Source Files\Util</Filter>
    </ClCompile>
    <ClCompile Include="DogGui.cpp">
      <Filter>Source Files\GUI</Filter>
    </ClCompile>
    <ClCompile Include="FileController.cpp">
      <Filter>Source Files\Controller</Filter>
    </ClCompile>
    <ClCompile Include="GuiControllercpp.cpp">
      <Filter>Source Files\Controller</Filter>
    </ClCompile>
  </ItemGroup>
  <ItemGroup>
    <Filter Include="Resource Files">
      <UniqueIdentifier>{D9D6E242-F8AF-46E4-B9FD-80ECBC20BA3E}</UniqueIdentifier>
      <Extensions>qrc;*</Extensions>
      <ParseFiles>false</ParseFiles>
    </Filter>
    <Filter Include="Source Files">
      <UniqueIdentifier>{4FC737F1-C7A5-4376-A066-2A32D752A2FF}</UniqueIdentifier>
      <Extensions>cpp;c;cc;cxx;def;odl;idl;hpj;bat;asm;asmx</Extensions>
      <ParseFiles>true</ParseFiles>
    </Filter>
    <Filter Include="Header Files">
      <UniqueIdentifier>{93995380-89BD-4b04-88EB-625FBE52EBFB}</UniqueIdentifier>
      <Extensions>h;hh;hpp;hxx;hm;inl;inc;xsd</Extensions>
      <ParseFiles>true</ParseFiles>
    </Filter>
    <Filter Include="Form Files">
      <UniqueIdentifier>{99349809-55BA-4b9d-BF79-8FDBB0286EB3}</UniqueIdentifier>
      <Extensions>ui</Extensions>
      <ParseFiles>true</ParseFiles>
    </Filter>
    <Filter Include="Header Files\UI">
      <UniqueIdentifier>{cb5d2160-20b9-41aa-95c2-95610724ace9}</UniqueIdentifier>
    </Filter>
    <Filter Include="Header Files\Repository">
      <UniqueIdentifier>{43a1e09c-47e6-4eac-be32-a3c954645d49}</UniqueIdentifier>
    </Filter>
    <Filter Include="Header Files\Controller">
      <UniqueIdentifier>{dd41f421-1970-455a-ae4b-787c37a9e00c}</UniqueIdentifier>
    </Filter>
    <Filter Include="Header Files\Domain">
      <UniqueIdentifier>{13d88c51-2c82-44c6-8d78-2bcfe9a01865}</UniqueIdentifier>
    </Filter>
    <Filter Include="Header Files\Util">
      <UniqueIdentifier>{db49cbb4-d96c-4a8a-9fdb-d555954c4187}</UniqueIdentifier>
    </Filter>
    <Filter Include="Header Files\Exceptions">
      <UniqueIdentifier>{68008d83-0df2-45ff-9d2f-d8ebd73874bf}</UniqueIdentifier>
    </Filter>
    <Filter Include="Source Files\Domain">
      <UniqueIdentifier>{b7119d11-a147-4f94-996c-39bcbeefb724}</UniqueIdentifier>
    </Filter>
    <Filter Include="Source Files\Exceptions">
      <UniqueIdentifier>{4baf4352-efa1-4a1d-9130-1218dca352bd}</UniqueIdentifier>
    </Filter>
    <Filter Include="Source Files\Util">
      <UniqueIdentifier>{0edda073-e6e3-467a-a815-403f15c3484d}</UniqueIdentifier>
    </Filter>
    <Filter Include="Source Files\Repository">
      <UniqueIdentifier>{5c5cdda5-e19a-41e3-a2f0-34ea215c99d0}</UniqueIdentifier>
    </Filter>
    <Filter Include="Source Files\Controller">
      <UniqueIdentifier>{33d91ab1-62e6-4b75-8ff1-d70e6f5c3651}</UniqueIdentifier>
    </Filter>
    <Filter Include="Source Files\UI">
      <UniqueIdentifier>{c79a74f8-d7b2-4758-b7f5-4cd3baa0abce}</UniqueIdentifier>
    </Filter>
    <Filter Include="Header Files\GUI">
      <UniqueIdentifier>{28794b59-ae03-41c3-99a0-082b769b6b6b}</UniqueIdentifier>
    </Filter>
    <Filter Include="Source Files\GUI">
      <UniqueIdentifier>{0d358d83-54c9-403d-9de2-8222970e49c7}</UniqueIdentifier>
    </Filter>
  </ItemGroup>
  <ItemGroup>
    <QtUic Include="Lab1012.ui">
      <Filter>Form Files</Filter>
    </QtUic>
  </ItemGroup>
  <ItemGroup>
    <QtRcc Include="Lab1012.qrc">
      <Filter>Resource Files</Filter>
    </QtRcc>
  </ItemGroup>
  <ItemGroup>
    <ClInclude Include="Tests.h">
      <Filter>Header Files</Filter>
    </ClInclude>
    <ClInclude Include="Lab1012.h">
      <Filter>Header Files</Filter>
    </ClInclude>
    <ClInclude Include="AdminUI.h">
      <Filter>Header Files\UI</Filter>
    </ClInclude>
    <ClInclude Include="UI.h">
      <Filter>Header Files\UI</Filter>
    </ClInclude>
    <ClInclude Include="UserUI.h">
      <Filter>Header Files\UI</Filter>
    </ClInclude>
    <ClInclude Include="AscAgeComparator.h">
      <Filter>Header Files\Util</Filter>
    </ClInclude>
    <ClInclude Include="AscNameComparator.h">
      <Filter>Header Files\Util</Filter>
    </ClInclude>
    <ClInclude Include="Comparator.h">
      <Filter>Header Files\Util</Filter>
    </ClInclude>
    <ClInclude Include="Controller.h">
      <Filter>Header Files\Controller</Filter>
    </ClInclude>
    <ClInclude Include="FileController.h">
      <Filter>Header Files\Controller</Filter>
    </ClInclude>
    <ClInclude Include="RepoException.h">
      <Filter>Header Files\Exceptions</Filter>
    </ClInclude>
    <ClInclude Include="DogException.h">
      <Filter>Header Files\Exceptions</Filter>
    </ClInclude>
    <ClInclude Include="ControllerException.h">
      <Filter>Header Files\Exceptions</Filter>
    </ClInclude>
    <ClInclude Include="DogValidator.h">
      <Filter>Header Files\Domain</Filter>
    </ClInclude>
    <ClInclude Include="Dog.h">
      <Filter>Header Files\Domain</Filter>
    </ClInclude>
    <ClInclude Include="HtmlFileDatabase.h">
      <Filter>Header Files\Repository</Filter>
    </ClInclude>
    <ClInclude Include="Database.h">
      <Filter>Header Files\Repository</Filter>
    </ClInclude>
    <ClInclude Include="DynamicVector.h">
      <Filter>Header Files\Repository</Filter>
    </ClInclude>
    <ClInclude Include="TextFileDatabase.h">
      <Filter>Header Files\Repository</Filter>
    </ClInclude>
    <ClInclude Include="FileParser.h">
      <Filter>Header Files\Util</Filter>
    </ClInclude>
    <ClInclude Include="InsertionSort.h">
      <Filter>Header Files\Util</Filter>
    </ClInclude>
    <ClInclude Include="GuiController.h">
      <Filter>Header Files\Controller</Filter>
    </ClInclude>
  </ItemGroup>
  <ItemGroup>
    <None Include="..\dogs.html">
      <Filter>Resource Files</Filter>
    </None>
    <None Include="..\adopted.html">
      <Filter>Resource Files</Filter>
    </None>
    <None Include="ClassDiagram.cd" />
  </ItemGroup>
  <ItemGroup>
    <Text Include="..\dogs.txt">
      <Filter>Resource Files</Filter>
    </Text>
    <Text Include="..\testdogs.txt">
      <Filter>Resource Files</Filter>
    </Text>
    <Text Include="..\adopted.txt">
      <Filter>Resource Files</Filter>
    </Text>
  </ItemGroup>
  <ItemGroup>
    <QtMoc Include="DogGui.h">
      <Filter>Header Files\GUI</Filter>
    </QtMoc>
  </ItemGroup>
</Project>